
Microsoft Visual Studio Solution File, Format Version 12.00
# Visual Studio 15
VisualStudioVersion = 15.0.28307.902
MinimumVisualStudioVersion = 10.0.40219.1
Project("{FAE04EC0-301F-11D3-BF4B-00C04F79EFBC}") = "KnockKnock", "KnockKnock\KnockKnock.csproj", "{041BF527-A9C1-4270-BD80-6B3CDE814D13}"
EndProject
Project("{FAE04EC0-301F-11D3-BF4B-00C04F79EFBC}") = "KnockKnock.Tests", "KnockKnock.Tests\KnockKnock.Tests.csproj", "{4F9F7D0D-93C4-4EDC-AE21-7183B894129C}"
EndProject
Global
	GlobalSection(SolutionConfigurationPlatforms) = preSolution
		Debug|Any CPU = Debug|Any CPU
		Release|Any CPU = Release|Any CPU
	EndGlobalSection
	GlobalSection(ProjectConfigurationPlatforms) = postSolution
		{041BF527-A9C1-4270-BD80-6B3CDE814D13}.Debug|Any CPU.ActiveCfg = Debug|Any CPU
		{041BF527-A9C1-4270-BD80-6B3CDE814D13}.Debug|Any CPU.Build.0 = Debug|Any CPU
		{041BF527-A9C1-4270-BD80-6B3CDE814D13}.Release|Any CPU.ActiveCfg = Release|Any CPU
		{041BF527-A9C1-4270-BD80-6B3CDE814D13}.Release|Any CPU.Build.0 = Release|Any CPU
		{4F9F7D0D-93C4-4EDC-AE21-7183B894129C}.Debug|Any CPU.ActiveCfg = Debug|Any CPU
		{4F9F7D0D-93C4-4EDC-AE21-7183B894129C}.Debug|Any CPU.Build.0 = Debug|Any CPU
		{4F9F7D0D-93C4-4EDC-AE21-7183B894129C}.Release|Any CPU.ActiveCfg = Release|Any CPU
		{4F9F7D0D-93C4-4EDC-AE21-7183B894129C}.Release|Any CPU.Build.0 = Release|Any CPU
	EndGlobalSection
	GlobalSection(SolutionProperties) = preSolution
		HideSolutionNode = FALSE
	EndGlobalSection
	GlobalSection(ExtensibilityGlobals) = postSolution
		SolutionGuid = {8FCF339B-F1AA-435E-979B-7F913CDC7C67}
	EndGlobalSection
EndGlobal
